
Microsoft Visual Studio Solution File, Format Version 12.00
# Visual Studio Version 17
VisualStudioVersion = 17.0.31903.59
MinimumVisualStudioVersion = 10.0.40219.1
Project("{2150E333-8FDC-42A3-9474-1A3956D46DE8}") = "src", "src", "{1950A30D-B039-4ED0-88E8-2870C35FF985}"
EndProject
Project("{FAE04EC0-301F-11D3-BF4B-00C04F79EFBC}") = "Seguros.App", "src\Seguros.App\Seguros.App.csproj", "{C38407D8-D6DB-4451-B66F-F8864EC27B8B}"
EndProject
Project("{FAE04EC0-301F-11D3-BF4B-00C04F79EFBC}") = "Seguros.Domain", "src\Seguros.Domain\Seguros.Domain.csproj", "{DE2073A0-23C7-467B-B6D8-13B627BE32A6}"
EndProject
Project("{FAE04EC0-301F-11D3-BF4B-00C04F79EFBC}") = "Seguros.Data", "src\Seguros.Data\Seguros.Data.csproj", "{9D7AF6CD-6CED-42A6-ACF8-431000314EF5}"
EndProject
Project("{2150E333-8FDC-42A3-9474-1A3956D46DE8}") = "tests", "tests", "{0A9599DE-E828-4AAD-8F1A-355C1308B832}"
EndProject
Project("{FAE04EC0-301F-11D3-BF4B-00C04F79EFBC}") = "Seguros.Tests", "tests\Seguros.Tests\Seguros.Tests.csproj", "{DAEE847F-EA70-454E-9A69-84D2ACEC73F5}"
EndProject
Global
	GlobalSection(SolutionConfigurationPlatforms) = preSolution
		Debug|Any CPU = Debug|Any CPU
		Release|Any CPU = Release|Any CPU
	EndGlobalSection
	GlobalSection(SolutionProperties) = preSolution
		HideSolutionNode = FALSE
	EndGlobalSection
	GlobalSection(ProjectConfigurationPlatforms) = postSolution
		{C38407D8-D6DB-4451-B66F-F8864EC27B8B}.Debug|Any CPU.ActiveCfg = Debug|Any CPU
		{C38407D8-D6DB-4451-B66F-F8864EC27B8B}.Debug|Any CPU.Build.0 = Debug|Any CPU
		{C38407D8-D6DB-4451-B66F-F8864EC27B8B}.Release|Any CPU.ActiveCfg = Release|Any CPU
		{C38407D8-D6DB-4451-B66F-F8864EC27B8B}.Release|Any CPU.Build.0 = Release|Any CPU
		{DE2073A0-23C7-467B-B6D8-13B627BE32A6}.Debug|Any CPU.ActiveCfg = Debug|Any CPU
		{DE2073A0-23C7-467B-B6D8-13B627BE32A6}.Debug|Any CPU.Build.0 = Debug|Any CPU
		{DE2073A0-23C7-467B-B6D8-13B627BE32A6}.Release|Any CPU.ActiveCfg = Release|Any CPU
		{DE2073A0-23C7-467B-B6D8-13B627BE32A6}.Release|Any CPU.Build.0 = Release|Any CPU
		{9D7AF6CD-6CED-42A6-ACF8-431000314EF5}.Debug|Any CPU.ActiveCfg = Debug|Any CPU
		{9D7AF6CD-6CED-42A6-ACF8-431000314EF5}.Debug|Any CPU.Build.0 = Debug|Any CPU
		{9D7AF6CD-6CED-42A6-ACF8-431000314EF5}.Release|Any CPU.ActiveCfg = Release|Any CPU
		{9D7AF6CD-6CED-42A6-ACF8-431000314EF5}.Release|Any CPU.Build.0 = Release|Any CPU
		{DAEE847F-EA70-454E-9A69-84D2ACEC73F5}.Debug|Any CPU.ActiveCfg = Debug|Any CPU
		{DAEE847F-EA70-454E-9A69-84D2ACEC73F5}.Debug|Any CPU.Build.0 = Debug|Any CPU
		{DAEE847F-EA70-454E-9A69-84D2ACEC73F5}.Release|Any CPU.ActiveCfg = Release|Any CPU
		{DAEE847F-EA70-454E-9A69-84D2ACEC73F5}.Release|Any CPU.Build.0 = Release|Any CPU
	EndGlobalSection
	GlobalSection(NestedProjects) = preSolution
		{C38407D8-D6DB-4451-B66F-F8864EC27B8B} = {1950A30D-B039-4ED0-88E8-2870C35FF985}
		{DE2073A0-23C7-467B-B6D8-13B627BE32A6} = {1950A30D-B039-4ED0-88E8-2870C35FF985}
		{9D7AF6CD-6CED-42A6-ACF8-431000314EF5} = {1950A30D-B039-4ED0-88E8-2870C35FF985}
		{DAEE847F-EA70-454E-9A69-84D2ACEC73F5} = {0A9599DE-E828-4AAD-8F1A-355C1308B832}
	EndGlobalSection
EndGlobal
